
Microsoft Visual Studio Solution File, Format Version 12.00
# Visual Studio Version 16
VisualStudioVersion = 16.0.30907.101
MinimumVisualStudioVersion = 10.0.40219.1
Project("{FAE04EC0-301F-11D3-BF4B-00C04F79EFBC}") = "ConsoleApp1", "ConsoleApp1\ConsoleApp1.csproj", "{E48DD384-DD5A-4F6B-B32C-7533A85FD018}"
EndProject
Project("{FAE04EC0-301F-11D3-BF4B-00C04F79EFBC}") = "ReadTID", "ReadTID\ReadTID.csproj", "{983825B7-7FD3-41F7-B14A-88013A160077}"
EndProject
Global
	GlobalSection(SolutionConfigurationPlatforms) = preSolution
		Debug|Any CPU = Debug|Any CPU
		Release|Any CPU = Release|Any CPU
	EndGlobalSection
	GlobalSection(ProjectConfigurationPlatforms) = postSolution
		{E48DD384-DD5A-4F6B-B32C-7533A85FD018}.Debug|Any CPU.ActiveCfg = Debug|Any CPU
		{E48DD384-DD5A-4F6B-B32C-7533A85FD018}.Debug|Any CPU.Build.0 = Debug|Any CPU
		{E48DD384-DD5A-4F6B-B32C-7533A85FD018}.Release|Any CPU.ActiveCfg = Release|Any CPU
		{E48DD384-DD5A-4F6B-B32C-7533A85FD018}.Release|Any CPU.Build.0 = Release|Any CPU
		{983825B7-7FD3-41F7-B14A-88013A160077}.Debug|Any CPU.ActiveCfg = Debug|Any CPU
		{983825B7-7FD3-41F7-B14A-88013A160077}.Debug|Any CPU.Build.0 = Debug|Any CPU
		{983825B7-7FD3-41F7-B14A-88013A160077}.Release|Any CPU.ActiveCfg = Release|Any CPU
		{983825B7-7FD3-41F7-B14A-88013A160077}.Release|Any CPU.Build.0 = Release|Any CPU
	EndGlobalSection
	GlobalSection(SolutionProperties) = preSolution
		HideSolutionNode = FALSE
	EndGlobalSection
	GlobalSection(ExtensibilityGlobals) = postSolution
		SolutionGuid = {24D76C3A-38AB-4083-9E22-E02F4343A8F0}
	EndGlobalSection
EndGlobal
